// !$*UTF8*$!
{
    archiveVersion = 1;
    classes = {
    };
    objectVersion = 56;
    objects = {

/* Begin PBXBuildFile section */
        AAAAAA010000000100000001 /* AppDelegate.swift in Sources */ = {isa = PBXBuildFile; fileRef = AAAAAA010000000100000002 /* AppDelegate.swift */; };
        AAAAAA010000000100000003 /* SceneDelegate.swift in Sources */ = {isa = PBXBuildFile; fileRef = AAAAAA010000000100000004 /* SceneDelegate.swift */; };
        AAAAAA010000000100000005 /* main.swift in Sources */ = {isa = PBXBuildFile; fileRef = AAAAAA010000000100000006 /* main.swift */; };
        AAAAAA010000000100000007 /* StockViewController.swift in Sources */ = {isa = PBXBuildFile; fileRef = AAAAAA010000000100000008 /* StockViewController.swift */; };
        AAAAAA010000000100000009 /* FundViewController.swift in Sources */ = {isa = PBXBuildFile; fileRef = AAAAAA01000000010000000A /* FundViewController.swift */; };
        AAAAAA01000000010000000B /* TradingViewController.swift in Sources */ = {isa = PBXBuildFile; fileRef = AAAAAA01000000010000000C /* TradingViewController.swift */; };
        AAAAAA01000000010000000D /* StockDataManager.swift in Sources */ = {isa = PBXBuildFile; fileRef = AAAAAA01000000010000000E /* StockDataManager.swift */; };
        AAAAAA01000000010000000F /* FundDataManager.swift in Sources */ = {isa = PBXBuildFile; fileRef = AAAAAA010000000100000010 /* FundDataManager.swift */; };
        AAAAAA010000000100000011 /* TradingManager.swift in Sources */ = {isa = PBXBuildFile; fileRef = AAAAAA010000000100000012 /* TradingManager.swift */; };
        AAAAAA010000000100000013 /* StockCell.swift in Sources */ = {isa = PBXBuildFile; fileRef = AAAAAA010000000100000014 /* StockCell.swift */; };
        AAAAAA010000000100000015 /* FundCell.swift in Sources */ = {isa = PBXBuildFile; fileRef = AAAAAA010000000100000016 /* FundCell.swift */; };
        AAAAAA010000000100000017 /* PositionCell.swift in Sources */ = {isa = PBXBuildFile; fileRef = AAAAAA010000000100000018 /* PositionCell.swift */; };
        AAAAAA010000000100000019 /* Assets.xcassets in Resources */ = {isa = PBXBuildFile; fileRef = AAAAAA01000000010000001A /* Assets.xcassets */; };
        AAAAAA01000000010000001B /* LaunchScreen.storyboard in Resources */ = {isa = PBXBuildFile; fileRef = AAAAAA01000000010000001C /* LaunchScreen.storyboard */; };
        AAAAAA01000000010000001D /* Main.storyboard in Resources */ = {isa = PBXBuildFile; fileRef = AAAAAA01000000010000001E /* Main.storyboard */; };
/* End PBXBuildFile section */

/* Begin PBXFileReference section */
        AAAAAA010000000100000002 /* AppDelegate.swift */ = {isa = PBXFileReference; fileEncoding = 4; lastKnownFileType = sourcecode.swift; path = AppDelegate.swift; sourceTree = "<group>"; };
        AAAAAA010000000100000004 /* SceneDelegate.swift */ = {isa = PBXFileReference; fileEncoding = 4; lastKnownFileType = sourcecode.swift; path = SceneDelegate.swift; sourceTree = "<group>"; };
        AAAAAA010000000100000006 /* main.swift */ = {isa = PBXFileReference; fileEncoding = 4; lastKnownFileType = sourcecode.swift; path = main.swift; sourceTree = "<group>"; };
        AAAAAA010000000100000008 /* StockViewController.swift */ = {isa = PBXFileReference; fileEncoding = 4; lastKnownFileType = sourcecode.swift; path = StockViewController.swift; sourceTree = "<group>"; };
        AAAAAA01000000010000000A /* FundViewController.swift */ = {isa = PBXFileReference; fileEncoding = 4; lastKnownFileType = sourcecode.swift; path = FundViewController.swift; sourceTree = "<group>"; };
        AAAAAA01000000010000000C /* TradingViewController.swift */ = {isa = PBXFileReference; fileEncoding = 4; lastKnownFileType = sourcecode.swift; path = TradingViewController.swift; sourceTree = "<group>"; };
        AAAAAA01000000010000000E /* StockDataManager.swift */ = {isa = PBXFileReference; fileEncoding = 4; lastKnownFileType = sourcecode.swift; path = StockDataManager.swift; sourceTree = "<group>"; };
        AAAAAA010000000100000010 /* FundDataManager.swift */ = {isa = PBXFileReference; fileEncoding = 4; lastKnownFileType = sourcecode.swift; path = FundDataManager.swift; sourceTree = "<group>"; };
        AAAAAA010000000100000012 /* TradingManager.swift */ = {isa = PBXFileReference; fileEncoding = 4; lastKnownFileType = sourcecode.swift; path = TradingManager.swift; sourceTree = "<group>"; };
        AAAAAA010000000100000014 /* StockCell.swift */ = {isa = PBXFileReference; fileEncoding = 4; lastKnownFileType = sourcecode.swift; path = StockCell.swift; sourceTree = "<group>"; };
        AAAAAA010000000100000016 /* FundCell.swift */ = {isa = PBXFileReference; fileEncoding = 4; lastKnownFileType = sourcecode.swift; path = FundCell.swift; sourceTree = "<group>"; };
        AAAAAA010000000100000018 /* PositionCell.swift */ = {isa = PBXFileReference; fileEncoding = 4; lastKnownFileType = sourcecode.swift; path = PositionCell.swift; sourceTree = "<group>"; };
        AAAAAA01000000010000001A /* Assets.xcassets */ = {isa = PBXFileReference; lastKnownFileType = folder.assetcatalog; path = Assets.xcassets; sourceTree = "<group>"; };
        AAAAAA01000000010000001C /* LaunchScreen.storyboard */ = {isa = PBXFileReference; fileEncoding = 4; lastKnownFileType = file.storyboard; path = LaunchScreen.storyboard; sourceTree = "<group>"; };
        AAAAAA01000000010000001E /* Main.storyboard */ = {isa = PBXFileReference; fileEncoding = 4; lastKnownFileType = file.storyboard; path = Main.storyboard; sourceTree = "<group>"; };
        AAAAAA01000000010000001F /* Info.plist */ = {isa = PBXFileReference; fileEncoding = 4; lastKnownFileType = text.plist.xml; path = Info.plist; sourceTree = "<group>"; };
        AAAAAA010000000100000020 /* InvestmentAdvisor.app */ = {isa = PBXFileReference; explicitFileType = wrapper.application; includeInIndex = 0; path = InvestmentAdvisor.app; sourceTree = BUILT_PRODUCTS_DIR; };
/* End PBXFileReference section */

/* Begin PBXFrameworksBuildPhase section */
        AAAAAA010000000100000021 /* Frameworks */ = {
            isa = PBXFrameworksBuildPhase;
            buildActionMask = 2147483647;
            files = (
            );
            runOnlyForDeploymentPostprocessing = 0;
        };
/* End PBXFrameworksBuildPhase section */

/* Begin PBXGroup section */
        AAAAAA010000000100000022 = {
            isa = PBXGroup;
            children = (
                AAAAAA010000000100000023 /* InvestmentAdvisor */,
                AAAAAA010000000100000020 /* InvestmentAdvisor.app */,
            );
            sourceTree = "<group>";
        };
        AAAAAA010000000100000023 /* InvestmentAdvisor */ = {
            isa = PBXGroup;
            children = (
                AAAAAA010000000100000002 /* AppDelegate.swift */,
                AAAAAA010000000100000004 /* SceneDelegate.swift */,
                AAAAAA010000000100000006 /* main.swift */,
                AAAAAA010000000100000008 /* StockViewController.swift */,
                AAAAAA01000000010000000A /* FundViewController.swift */,
                AAAAAA01000000010000000C /* TradingViewController.swift */,
                AAAAAA01000000010000000E /* StockDataManager.swift */,
                AAAAAA010000000100000010 /* FundDataManager.swift */,
                AAAAAA010000000100000012 /* TradingManager.swift */,
                AAAAAA010000000100000014 /* StockCell.swift */,
                AAAAAA010000000100000016 /* FundCell.swift */,
                AAAAAA010000000100000018 /* PositionCell.swift */,
                AAAAAA01000000010000001A /* Assets.xcassets */,
                AAAAAA01000000010000001C /* LaunchScreen.storyboard */,
                AAAAAA01000000010000001E /* Main.storyboard */,
                AAAAAA01000000010000001F /* Info.plist */,
            );
            path = InvestmentAdvisor;
            sourceTree = "<group>";
        };
/* End PBXGroup section */

/* Begin PBXNativeTarget section */
        AAAAAA010000000100000024 /* InvestmentAdvisor */ = {
            isa = PBXNativeTarget;
            buildConfigurationList = AAAAAA010000000100000025 /* Build configuration list for PBXNativeTarget "InvestmentAdvisor" */;
            buildPhases = (
                AAAAAA010000000100000026 /* Sources */,
                AAAAAA010000000100000021 /* Frameworks */,
                AAAAAA010000000100000027 /* Resources */,
            );
            buildRules = (
            );
            dependencies = (
            );
            name = InvestmentAdvisor;
            productName = InvestmentAdvisor;
            productReference = AAAAAA010000000100000020 /* InvestmentAdvisor.app */;
            productType = "com.apple.product-type.application";
        };
/* End PBXNativeTarget section */

/* Begin PBXProject section */
        AAAAAA010000000100000028 /* Project object */ = {
            isa = PBXProject;
            attributes = {
                LastUpgradeCheck = 1610;
                TargetAttributes = {
                    AAAAAA010000000100000024 = {
                        CreatedOnToolsVersion = 16.1;
                    };
                };
            };
            buildConfigurationList = AAAAAA010000000100000029 /* Build configuration list for PBXProject "InvestmentAdvisor" */;
            compatibilityVersion = "Xcode 14.0";
            developmentRegion = en;
            hasScannedForEncodings = 0;
            knownRegions = (
                en,
                Base,
            );
            mainGroup = AAAAAA010000000100000022;
            productRefGroup = AAAAAA01000000010000002A /* Products */;
            projectDirPath = "";
            projectRoot = "";
            targets = (
                AAAAAA010000000100000024 /* InvestmentAdvisor */,
            );
        };
/* End PBXProject section */

/* Begin PBXResourcesBuildPhase section */
        AAAAAA010000000100000027 /* Resources */ = {
            isa = PBXResourcesBuildPhase;
            buildActionMask = 2147483647;
            files = (
                AAAAAA01000000010000001B /* LaunchScreen.storyboard in Resources */,
                AAAAAA01000000010000001D /* Main.storyboard in Resources */,
                AAAAAA010000000100000019 /* Assets.xcassets in Resources */,
            );
            runOnlyForDeploymentPostprocessing = 0;
        };
/* End PBXResourcesBuildPhase section */

/* Begin PBXSourcesBuildPhase section */
        AAAAAA010000000100000026 /* Sources */ = {
            isa = PBXSourcesBuildPhase;
            buildActionMask = 2147483647;
            files = (
                AAAAAA010000000100000001 /* AppDelegate.swift in Sources */,
                AAAAAA010000000100000003 /* SceneDelegate.swift in Sources */,
                AAAAAA010000000100000005 /* main.swift in Sources */,
                AAAAAA010000000100000007 /* StockViewController.swift in Sources */,
                AAAAAA010000000100000009 /* FundViewController.swift in Sources */,
                AAAAAA01000000010000000B /* TradingViewController.swift in Sources */,
                AAAAAA01000000010000000D /* StockDataManager.swift in Sources */,
                AAAAAA01000000010000000F /* FundDataManager.swift in Sources */,
                AAAAAA010000000100000011 /* TradingManager.swift in Sources */,
                AAAAAA010000000100000013 /* StockCell.swift in Sources */,
                AAAAAA010000000100000015 /* FundCell.swift in Sources */,
                AAAAAA010000000100000017 /* PositionCell.swift in Sources */,
            );
            runOnlyForDeploymentPostprocessing = 0;
        };
/* End PBXSourcesBuildPhase section */

/* Begin XCBuildConfiguration section */
        AAAAAA01000000010000002B /* Debug */ = {
            isa = XCBuildConfiguration;
            buildSettings = {
                INFOPLIST_FILE = InvestmentAdvisor/Info.plist;
                PRODUCT_BUNDLE_IDENTIFIER = com.example.InvestmentAdvisor;
                SWIFT_VERSION = 5.0;
            };
            name = Debug;
        };
        AAAAAA01000000010000002C /* Release */ = {
            isa = XCBuildConfiguration;
            buildSettings = {
                INFOPLIST_FILE = InvestmentAdvisor/Info.plist;
                PRODUCT_BUNDLE_IDENTIFIER = com.example.InvestmentAdvisor;
                SWIFT_VERSION = 5.0;
            };
            name = Release;
        };
        AAAAAA01000000010000002D /* Debug */ = {
            isa = XCBuildConfiguration;
            buildSettings = {
                ASSETCATALOG_COMPILER_APPICON_NAME = AppIcon;
                ASSETCATALOG_COMPILER_GLOBAL_ACCENT_COLOR_NAME = AccentColor;
                CLANG_ENABLE_MODULES = YES;
                IPHONEOS_DEPLOYMENT_TARGET = 15.0;
                MARKETING_VERSION = 1.0;
                SWIFT_EMIT_LOC_STRINGS = YES;
            };
            name = Debug;
        };
        AAAAAA01000000010000002E /* Release */ = {
            isa = XCBuildConfiguration;
            buildSettings = {
                ASSETCATALOG_COMPILER_APPICON_NAME = AppIcon;
                ASSETCATALOG_COMPILER_GLOBAL_ACCENT_COLOR_NAME = AccentColor;
                CLANG_ENABLE_MODULES = YES;
                IPHONEOS_DEPLOYMENT_TARGET = 15.0;
                MARKETING_VERSION = 1.0;
                SWIFT_EMIT_LOC_STRINGS = YES;
            };
            name = Release;
        };
/* End XCBuildConfiguration section */

/* Begin XCConfigurationList section */
        AAAAAA010000000100000029 /* Build configuration list for PBXProject "InvestmentAdvisor" */ = {
            isa = XCConfigurationList;
            buildConfigurations = (
                AAAAAA01000000010000002D /* Debug */,
                AAAAAA01000000010000002E /* Release */,
            );
            defaultConfigurationIsVisible = 0;
            defaultConfigurationName = Release;
        };
        AAAAAA010000000100000025 /* Build configuration list for PBXNativeTarget "InvestmentAdvisor" */ = {
            isa = XCConfigurationList;
            buildConfigurations = (
                AAAAAA01000000010000002B /* Debug */,
                AAAAAA01000000010000002C /* Release */,
            );
            defaultConfigurationIsVisible = 0;
            defaultConfigurationName = Release;
        };
/* End XCConfigurationList section */
    };
    rootObject = AAAAAA010000000100000028 /* Project object */;
}